{
  "name": "tailwindcss-clip-path",
  "version": "1.0.1",
  "description": "Tailwind CSS plugin for generating custom clip-paths (circle, ellipse, inset, polygon).",
  "main": "index.js",
  "files": [
    "index.js",
    "src"
  ],
  "scripts": {
    "dev": "npx @tailwindcss/cli -i ./playground/input.css -o ./playground/output.css --watch",
    "build": "npx @tailwindcss/cli -i ./playground/input.css -o ./playground/output.css"
  },
  "keywords": [
    "tailwindcss",
    "tailwind",
    "plugin",
    "clip-path",
    "circle",
    "ellipse",
    "polygon"
  ],
  "author": "",
  "license": "MIT",
  "peerDependencies": {
    "tailwindcss": "^3.0.0 || ^4.0.0"
  },
  "devDependencies": {
    "@tailwindcss/cli": "^4.3.2",
    "tailwindcss": "^4.3.2"
  }
}
